
Microsoft Visual Studio Solution File, Format Version 12.00
# Visual Studio Version 17
VisualStudioVersion = 17.7.34009.444
MinimumVisualStudioVersion = 10.0.40219.1
Project("{FAE04EC0-301F-11D3-BF4B-00C04F79EFBC}") = "CustomIdentity", "CustomIdentity.csproj", "{C6918F8B-99AB-4A4B-9009-67E789C5C7FE}"
EndProject
Global
	GlobalSection(SolutionConfigurationPlatforms) = preSolution
		Debug|Any CPU = Debug|Any CPU
		Release|Any CPU = Release|Any CPU
	EndGlobalSection
	GlobalSection(ProjectConfigurationPlatforms) = postSolution
		{C6918F8B-99AB-4A4B-9009-67E789C5C7FE}.Debug|Any CPU.ActiveCfg = Debug|Any CPU
		{C6918F8B-99AB-4A4B-9009-67E789C5C7FE}.Debug|Any CPU.Build.0 = Debug|Any CPU
		{C6918F8B-99AB-4A4B-9009-67E789C5C7FE}.Release|Any CPU.ActiveCfg = Release|Any CPU
		{C6918F8B-99AB-4A4B-9009-67E789C5C7FE}.Release|Any CPU.Build.0 = Release|Any CPU
	EndGlobalSection
	GlobalSection(SolutionProperties) = preSolution
		HideSolutionNode = FALSE
	EndGlobalSection
	GlobalSection(ExtensibilityGlobals) = postSolution
		SolutionGuid = {0E026CA7-4AA8-4D60-B91E-5C35B4B2633F}
	EndGlobalSection
EndGlobal
